
Microsoft Visual Studio Solution File, Format Version 12.00
# Visual Studio Version 16
VisualStudioVersion = 16.0.30413.136
MinimumVisualStudioVersion = 10.0.40219.1
Project("{9A19103F-16F7-4668-BE54-9A1E7A4F7556}") = "LeetCodePractice", "LeetCodePractice\LeetCodePractice.csproj", "{80FE7CA8-CB9D-43CF-BC64-96A07A286465}"
EndProject
Project("{FAE04EC0-301F-11D3-BF4B-00C04F79EFBC}") = "CoderbytePractice", "CoderbytePractice\CoderbytePractice.csproj", "{8A48F0FF-8155-4326-9188-5BA08B869EE1}"
EndProject
Global
	GlobalSection(SolutionConfigurationPlatforms) = preSolution
		Debug|Any CPU = Debug|Any CPU
		Release|Any CPU = Release|Any CPU
	EndGlobalSection
	GlobalSection(ProjectConfigurationPlatforms) = postSolution
		{80FE7CA8-CB9D-43CF-BC64-96A07A286465}.Debug|Any CPU.ActiveCfg = Debug|Any CPU
		{80FE7CA8-CB9D-43CF-BC64-96A07A286465}.Debug|Any CPU.Build.0 = Debug|Any CPU
		{80FE7CA8-CB9D-43CF-BC64-96A07A286465}.Release|Any CPU.ActiveCfg = Release|Any CPU
		{80FE7CA8-CB9D-43CF-BC64-96A07A286465}.Release|Any CPU.Build.0 = Release|Any CPU
		{8A48F0FF-8155-4326-9188-5BA08B869EE1}.Debug|Any CPU.ActiveCfg = Debug|Any CPU
		{8A48F0FF-8155-4326-9188-5BA08B869EE1}.Debug|Any CPU.Build.0 = Debug|Any CPU
		{8A48F0FF-8155-4326-9188-5BA08B869EE1}.Release|Any CPU.ActiveCfg = Release|Any CPU
		{8A48F0FF-8155-4326-9188-5BA08B869EE1}.Release|Any CPU.Build.0 = Release|Any CPU
	EndGlobalSection
	GlobalSection(SolutionProperties) = preSolution
		HideSolutionNode = FALSE
	EndGlobalSection
	GlobalSection(ExtensibilityGlobals) = postSolution
		SolutionGuid = {D272812B-B0C6-466B-BF38-0A7BA9330388}
	EndGlobalSection
EndGlobal
